// !$*UTF8*$!
{
	archiveVersion = 1;
	classes = {
	};
	objectVersion = 51;
	objects = {

/* Begin PBXBuildFile section */
		193C316310F965AF215A1933 /* Pods_Open_Space.framework in Frameworks */ = {isa = PBXBuildFile; fileRef = E1C8C2A5759B0325181F8EC4 /* Pods_Open_Space.framework */; };
		6F02241B240248250035F7E4 /* EXPORT_GOOGLE_SAT_WM-mtwashington.png in Resources */ = {isa = PBXBuildFile; fileRef = 6F022419240248240035F7E4 /* EXPORT_GOOGLE_SAT_WM-mtwashington.png */; };
		6F022420240248CB0035F7E4 /* ExploreEarthSceneViewController.swift in Sources */ = {isa = PBXBuildFile; fileRef = 6F02241F240248CB0035F7E4 /* ExploreEarthSceneViewController.swift */; };
		6F022424240250A60035F7E4 /* mtwashington.scn in Resources */ = {isa = PBXBuildFile; fileRef = 6F022423240250A60035F7E4 /* mtwashington.scn */; };
		6F158183240167E60005A00E /* ISS_stationary2.usdz in Resources */ = {isa = PBXBuildFile; fileRef = 6F158182240167E60005A00E /* ISS_stationary2.usdz */; };
		6F294565240B1E6E008328FC /* GSFC_20171208_Archive_e001359orig.jpg in Resources */ = {isa = PBXBuildFile; fileRef = 6F294564240B1E6E008328FC /* GSFC_20171208_Archive_e001359orig.jpg */; };
		6F294567240B1F7F008328FC /* iss006e48523orig.jpg in Resources */ = {isa = PBXBuildFile; fileRef = 6F294566240B1F7F008328FC /* iss006e48523orig.jpg */; };
		6F30352D240FB007006C4684 /* NavGameController.swift in Sources */ = {isa = PBXBuildFile; fileRef = 6F30352C240FB007006C4684 /* NavGameController.swift */; };
		6F30352F240FC3C0006C4684 /* moon.dae in Resources */ = {isa = PBXBuildFile; fileRef = 6F30352E240FC3C0006C4684 /* moon.dae */; };
		6F303531240FE382006C4684 /* moon.scn in Resources */ = {isa = PBXBuildFile; fileRef = 6F303530240FE382006C4684 /* moon.scn */; };
		6F303533240FE993006C4684 /* photo-of-stars-and-galaxy-3772378.jpg in Resources */ = {isa = PBXBuildFile; fileRef = 6F303532240FE993006C4684 /* photo-of-stars-and-galaxy-3772378.jpg */; };
		6F303535240FEA66006C4684 /* starry-sky-998641.jpg in Resources */ = {isa = PBXBuildFile; fileRef = 6F303534240FEA66006C4684 /* starry-sky-998641.jpg */; };
		6F34E311263B4C8200E67276 /* Defaults.swift in Sources */ = {isa = PBXBuildFile; fileRef = 6F34E310263B4C8200E67276 /* Defaults.swift */; };
		6F34E3272640E9E500E67276 /* spaceshipa.dae in Resources */ = {isa = PBXBuildFile; fileRef = 6F34E3262640E9E500E67276 /* spaceshipa.dae */; };
		6F34E3292640E9F600E67276 /* anderik.scn in Resources */ = {isa = PBXBuildFile; fileRef = 6F34E3282640E9F600E67276 /* anderik.scn */; };
		6F34E32B2641A51200E67276 /* spaceshipc.dae in Resources */ = {isa = PBXBuildFile; fileRef = 6F34E32A2641A51200E67276 /* spaceshipc.dae */; };
		6F34E32D2641A52100E67276 /* eleuz.scn in Resources */ = {isa = PBXBuildFile; fileRef = 6F34E32C2641A52100E67276 /* eleuz.scn */; };
		6F43938E23FF56830007614D /* instantmeshstation2.scn in Resources */ = {isa = PBXBuildFile; fileRef = 6F43938D23FF56830007614D /* instantmeshstation2.scn */; };
		6F43939023FF6DC60007614D /* MarsViewController.swift in Sources */ = {isa = PBXBuildFile; fileRef = 6F43938F23FF6DC60007614D /* MarsViewController.swift */; };
		6F4A3F5B252E1B4200147723 /* pexels-tom-fisk-1653823_great-wall.jpg in Resources */ = {isa = PBXBuildFile; fileRef = 6F4A3F5A252E1B4100147723 /* pexels-tom-fisk-1653823_great-wall.jpg */; };
		6F4A3F5F252E40A800147723 /* pexels-abdullah-ghatasheh-1631665.jpg in Resources */ = {isa = PBXBuildFile; fileRef = 6F4A3F5E252E40A800147723 /* pexels-abdullah-ghatasheh-1631665.jpg */; };
		6F4AD6A323FDC1A70052B8F0 /* Metal_Weave_003_basecolor.jpg in Resources */ = {isa = PBXBuildFile; fileRef = 6F4AD6A223FDC1A70052B8F0 /* Metal_Weave_003_basecolor.jpg */; };
		6F5B8E282402458B00757B99 /* EXPORT_GOOGLE_SAT_WM.png in Resources */ = {isa = PBXBuildFile; fileRef = 6F5B8E252402458B00757B99 /* EXPORT_GOOGLE_SAT_WM.png */; };
		6F5B8E2A2402458B00757B99 /* mtrushmore.scn in Resources */ = {isa = PBXBuildFile; fileRef = 6F5B8E272402458B00757B99 /* mtrushmore.scn */; };
		6F6146F124224F2F000DFACC /* EarthViewController.swift in Sources */ = {isa = PBXBuildFile; fileRef = 6F6146F024224F2F000DFACC /* EarthViewController.swift */; };
		6F636B8D24015A760070C292 /* Sun_1_1391000.usdz in Resources */ = {isa = PBXBuildFile; fileRef = 6F636B8C24015A760070C292 /* Sun_1_1391000.usdz */; };
		6F636B9124015CA20070C292 /* 2k_sun.jpg in Resources */ = {isa = PBXBuildFile; fileRef = 6F636B9024015CA10070C292 /* 2k_sun.jpg */; };
		6F636B9324015CEE0070C292 /* sunlowres.scn in Resources */ = {isa = PBXBuildFile; fileRef = 6F636B9224015CEE0070C292 /* sunlowres.scn */; };
		6F643EA02530DBCC001164E4 /* pexels-fly-rj-2818895-christ.jpg in Resources */ = {isa = PBXBuildFile; fileRef = 6F643E9B2530DBCB001164E4 /* pexels-fly-rj-2818895-christ.jpg */; };
		6F643EA12530DBCC001164E4 /* pexels-alex-azabache-3290068-chicken-itza.jpg in Resources */ = {isa = PBXBuildFile; fileRef = 6F643E9C2530DBCB001164E4 /* pexels-alex-azabache-3290068-chicken-itza.jpg */; };
		6F643EA22530DBCC001164E4 /* pexels-pixabay-262786-pyramid.jpg in Resources */ = {isa = PBXBuildFile; fileRef = 6F643E9D2530DBCB001164E4 /* pexels-pixabay-262786-pyramid.jpg */; };
		6F643EA32530DBCC001164E4 /* pexels-chait-goli-1797161-colosseum.jpg in Resources */ = {isa = PBXBuildFile; fileRef = 6F643E9E2530DBCB001164E4 /* pexels-chait-goli-1797161-colosseum.jpg */; };
		6F643EA42530DBCC001164E4 /* pexels-pixabay-259967-machu-picchu.jpg in Resources */ = {isa = PBXBuildFile; fileRef = 6F643E9F2530DBCC001164E4 /* pexels-pixabay-259967-machu-picchu.jpg */; };
		6F677BA224076EE6004A1C8B /* earth.dae in Resources */ = {isa = PBXBuildFile; fileRef = 6F677BA124076EE6004A1C8B /* earth.dae */; };
		6F677BA424076FF4004A1C8B /* 2k_earth_daymap.jpg in Resources */ = {isa = PBXBuildFile; fileRef = 6F677BA324076FF4004A1C8B /* 2k_earth_daymap.jpg */; };
		6F677BA6240772F3004A1C8B /* earth.scn in Resources */ = {isa = PBXBuildFile; fileRef = 6F677BA5240772F3004A1C8B /* earth.scn */; };
		6F677BA82407742F004A1C8B /* PIA09653orig.jpg in Resources */ = {isa = PBXBuildFile; fileRef = 6F677BA72407742F004A1C8B /* PIA09653orig.jpg */; };
		6F677BAA240776F1004A1C8B /* PIA04921orig.jpg in Resources */ = {isa = PBXBuildFile; fileRef = 6F677BA9240776F1004A1C8B /* PIA04921orig.jpg */; };
		6F6D845823FF87E300328057 /* flagcool.dae in Resources */ = {isa = PBXBuildFile; fileRef = 6F6D845723FF87E300328057 /* flagcool.dae */; };
		6F6D845B23FF8B8E00328057 /* PIA01120orig.jpg in Resources */ = {isa = PBXBuildFile; fileRef = 6F6D845A23FF8B8E00328057 /* PIA01120orig.jpg */; };
		6F6D845D23FF8C8800328057 /* Utils.swift in Sources */ = {isa = PBXBuildFile; fileRef = 6F6D845C23FF8C8800328057 /* Utils.swift */; };
		6F7380AA23FEFAFF00D767E0 /* AlertViewController.swift in Sources */ = {isa = PBXBuildFile; fileRef = 6F7380A923FEFAFF00D767E0 /* AlertViewController.swift */; };
		6F81A27C24155C4300D79494 /* Assets.xcassets in Resources */ = {isa = PBXBuildFile; fileRef = 6F81A27B24155C4300D79494 /* Assets.xcassets */; };
		6F86CC6A240039A1005AECC9 /* SelectLocationViewController.swift in Sources */ = {isa = PBXBuildFile; fileRef = 6F86CC69240039A1005AECC9 /* SelectLocationViewController.swift */; };
		6F86CC6D24003AB3005AECC9 /* LocationCollectionViewCell.swift in Sources */ = {isa = PBXBuildFile; fileRef = 6F86CC6C24003AB3005AECC9 /* LocationCollectionViewCell.swift */; };
		6F894C9F24227C5A00F011AC /* scenic-view-of-agricultural-field-against-sky-during-sunset-325944.jpg in Resources */ = {isa = PBXBuildFile; fileRef = 6F894C9E24227C5A00F011AC /* scenic-view-of-agricultural-field-against-sky-during-sunset-325944.jpg */; };
		6F895FA52606B4E000378FA7 /* lightspeed_PexelsVideos2757709.mp4 in Resources */ = {isa = PBXBuildFile; fileRef = 6F895FA42606B4E000378FA7 /* lightspeed_PexelsVideos2757709.mp4 */; };
		6F895FA82606B51500378FA7 /* TravelViewController.swift in Sources */ = {isa = PBXBuildFile; fileRef = 6F895FA72606B51500378FA7 /* TravelViewController.swift */; };
		6F91EC9B260F9A700058B9F5 /* ShipyardViewController.swift in Sources */ = {isa = PBXBuildFile; fileRef = 6F91EC9A260F9A700058B9F5 /* ShipyardViewController.swift */; };
		6F9385592422ADDE001BE3F6 /* SpaceStationViewController.swift in Sources */ = {isa = PBXBuildFile; fileRef = 6F9385582422ADDE001BE3F6 /* SpaceStationViewController.swift */; };
		6F93855E2422C068001BE3F6 /* eye-of-the-storm-image-from-outer-space-71116.jpg in Resources */ = {isa = PBXBuildFile; fileRef = 6F93855D2422C068001BE3F6 /* eye-of-the-storm-image-from-outer-space-71116.jpg */; };
		6F93856024259CB8001BE3F6 /* WhereOnEarthSelectCollectionViewController.swift in Sources */ = {isa = PBXBuildFile; fileRef = 6F93855F24259CB8001BE3F6 /* WhereOnEarthSelectCollectionViewController.swift */; };
		6F9385622425A249001BE3F6 /* EarthLocationState.swift in Sources */ = {isa = PBXBuildFile; fileRef = 6F9385612425A249001BE3F6 /* EarthLocationState.swift */; };
		6F93856624261540001BE3F6 /* pexels_taj-mahal-india-1603650.jpg in Resources */ = {isa = PBXBuildFile; fileRef = 6F93856524261540001BE3F6 /* pexels_taj-mahal-india-1603650.jpg */; };
		6F96DE6423FDE0DA00BAE0CF /* PIA12348orig.jpg in Resources */ = {isa = PBXBuildFile; fileRef = 6F96DE6323FDE0DA00BAE0CF /* PIA12348orig.jpg */; };
		6F96DE6623FDF93F00BAE0CF /* InventoryViewController.swift in Sources */ = {isa = PBXBuildFile; fileRef = 6F96DE6523FDF93F00BAE0CF /* InventoryViewController.swift */; };
		6F988A9923FF944100F7ED73 /* flagcool.scn in Resources */ = {isa = PBXBuildFile; fileRef = 6F988A9823FF944100F7ED73 /* flagcool.scn */; };
		6F9C596423FE1BDF00808386 /* a.dae in Resources */ = {isa = PBXBuildFile; fileRef = 6F9C596323FE1BDF00808386 /* a.dae */; };
		6FA314692401945D009D77AB /* PIA17563orig.jpg in Resources */ = {isa = PBXBuildFile; fileRef = 6FA314682401945D009D77AB /* PIA17563orig.jpg */; };
		6FA3146C2401E57F009D77AB /* LocationState.swift in Sources */ = {isa = PBXBuildFile; fileRef = 6FA3146B2401E57F009D77AB /* LocationState.swift */; };
		6FA4D33423FFB2CB0088B4A4 /* GameState.swift in Sources */ = {isa = PBXBuildFile; fileRef = 6FA4D33323FFB2CB0088B4A4 /* GameState.swift */; };
		6FA52B1D23FE335500B16480 /* b.dae in Resources */ = {isa = PBXBuildFile; fileRef = 6FA52B1C23FE335500B16480 /* b.dae */; };
		6FA52B1F23FE3D3100B16480 /* d.dae in Resources */ = {isa = PBXBuildFile; fileRef = 6FA52B1E23FE3D3100B16480 /* d.dae */; };
		6FA5934724001043007C16E3 /* artophy.scn in Resources */ = {isa = PBXBuildFile; fileRef = 6FA5934624001043007C16E3 /* artophy.scn */; };
		6FA5934924001B42007C16E3 /* PaddingLabel.swift in Sources */ = {isa = PBXBuildFile; fileRef = 6FA5934824001B42007C16E3 /* PaddingLabel.swift */; };
		6FB0EEF923FDA1A800EA28D7 /* AppDelegate.swift in Sources */ = {isa = PBXBuildFile; fileRef = 6FB0EEF823FDA1A800EA28D7 /* AppDelegate.swift */; };
		6FB0EEFD23FDA1A800EA28D7 /* GameViewController.swift in Sources */ = {isa = PBXBuildFile; fileRef = 6FB0EEFC23FDA1A800EA28D7 /* GameViewController.swift */; };
		6FB0EF0023FDA1A800EA28D7 /* Main.storyboard in Resources */ = {isa = PBXBuildFile; fileRef = 6FB0EEFE23FDA1A800EA28D7 /* Main.storyboard */; };
		6FB0EF0523FDA1A900EA28D7 /* LaunchScreen.storyboard in Resources */ = {isa = PBXBuildFile; fileRef = 6FB0EF0323FDA1A900EA28D7 /* LaunchScreen.storyboard */; };
		6FB0EF1023FDA1F500EA28D7 /* spaceshipb.dae in Resources */ = {isa = PBXBuildFile; fileRef = 6FB0EF0F23FDA1F500EA28D7 /* spaceshipb.dae */; };
		6FCCF111260297E000514899 /* README.md in Resources */ = {isa = PBXBuildFile; fileRef = 6FCCF110260297E000514899 /* README.md */; };
		6FD0296523FEC8620082209D /* space_icon_200.jpg in Resources */ = {isa = PBXBuildFile; fileRef = 6FD0296423FEC8620082209D /* space_icon_200.jpg */; };
		6FD0296723FEC9FF0082209D /* space_icon_1024.jpg in Resources */ = {isa = PBXBuildFile; fileRef = 6FD0296623FEC9FF0082209D /* space_icon_1024.jpg */; };
		6FD0296923FECDD20082209D /* starcrumpled.dae in Resources */ = {isa = PBXBuildFile; fileRef = 6FD0296823FECDD20082209D /* starcrumpled.dae */; };
		6FD0296B23FED5270082209D /* planetveg.dae in Resources */ = {isa = PBXBuildFile; fileRef = 6FD0296A23FED5270082209D /* planetveg.dae */; };
		6FD0296D23FED5A80082209D /* 2k_mars.jpg in Resources */ = {isa = PBXBuildFile; fileRef = 6FD0296C23FED5A80082209D /* 2k_mars.jpg */; };
		6FD92042259B71B5008F6CA3 /* quasar.png in Resources */ = {isa = PBXBuildFile; fileRef = 6FD92041259B71B5008F6CA3 /* quasar.png */; };
		6FD92053259B87A2008F6CA3 /* iss044e045215_lrg.jpg in Resources */ = {isa = PBXBuildFile; fileRef = 6FD9204C259B87A2008F6CA3 /* iss044e045215_lrg.jpg */; };
		6FD92054259B87A2008F6CA3 /* 30509478486_5fff4559ab_o.jpg in Resources */ = {isa = PBXBuildFile; fileRef = 6FD9204D259B87A2008F6CA3 /* 30509478486_5fff4559ab_o.jpg */; };
		6FD92055259B87A2008F6CA3 /* bwhi1apicaaamlo.jpg_large.jpg in Resources */ = {isa = PBXBuildFile; fileRef = 6FD9204E259B87A2008F6CA3 /* bwhi1apicaaamlo.jpg_large.jpg */; };
		6FD92056259B87A2008F6CA3 /* iss045e166104.jpg in Resources */ = {isa = PBXBuildFile; fileRef = 6FD9204F259B87A2008F6CA3 /* iss045e166104.jpg */; };
		6FD92057259B87A2008F6CA3 /* 14648179676_db2001e0fa_o.jpg in Resources */ = {isa = PBXBuildFile; fileRef = 6FD92050259B87A2008F6CA3 /* 14648179676_db2001e0fa_o.jpg */; };
		6FD92058259B87A2008F6CA3 /* florence.jpg in Resources */ = {isa = PBXBuildFile; fileRef = 6FD92051259B87A2008F6CA3 /* florence.jpg */; };
		6FD92059259B87A2008F6CA3 /* 24609260915_a840b027e5_o.jpg in Resources */ = {isa = PBXBuildFile; fileRef = 6FD92052259B87A2008F6CA3 /* 24609260915_a840b027e5_o.jpg */; };
		6FDADF252644D1BF00F7878C /* SelectShipViewController.swift in Sources */ = {isa = PBXBuildFile; fileRef = 6FDADF242644D1BF00F7878C /* SelectShipViewController.swift */; };
		6FDB587723FE4BA7004263CB /* allgreentree.dae in Resources */ = {isa = PBXBuildFile; fileRef = 6FDB587623FE4BA7004263CB /* allgreentree.dae */; };
		6FDB588323FEB952004263CB /* mars.dae in Resources */ = {isa = PBXBuildFile; fileRef = 6FDB588123FEB952004263CB /* mars.dae */; };
		6FDB588723FEB9B8004263CB /* yellowstar.dae in Resources */ = {isa = PBXBuildFile; fileRef = 6FDB588623FEB9B8004263CB /* yellowstar.dae */; };
		6FDB588923FEBAEF004263CB /* yellowstar100.dae in Resources */ = {isa = PBXBuildFile; fileRef = 6FDB588823FEBAEF004263CB /* yellowstar100.dae */; };
		6FDB588B23FEBE06004263CB /* starregular.dae in Resources */ = {isa = PBXBuildFile; fileRef = 6FDB588A23FEBE06004263CB /* starregular.dae */; };
		6FE911F923FF427B00255491 /* PIA13005orig.jpg in Resources */ = {isa = PBXBuildFile; fileRef = 6FE911F823FF427B00255491 /* PIA13005orig.jpg */; };
		6FE911FB23FF435500255491 /* PIA15415orig.jpg in Resources */ = {isa = PBXBuildFile; fileRef = 6FE911FA23FF435500255491 /* PIA15415orig.jpg */; };
		6FECC4D123FEE96000B46D91 /* instantmeshstation2.dae in Resources */ = {isa = PBXBuildFile; fileRef = 6FECC4D023FEE96000B46D91 /* instantmeshstation2.dae */; };
		6FED3587268E762F002F1B12 /* iss.png in Resources */ = {isa = PBXBuildFile; fileRef = 6FED3583268E762E002F1B12 /* iss.png */; };
		6FED3588268E762F002F1B12 /* mars.png in Resources */ = {isa = PBXBuildFile; fileRef = 6FED3584268E762E002F1B12 /* mars.png */; };
		6FED3589268E762F002F1B12 /* moon.png in Resources */ = {isa = PBXBuildFile; fileRef = 6FED3585268E762F002F1B12 /* moon.png */; };
		6FED358A268E762F002F1B12 /* earth.png in Resources */ = {isa = PBXBuildFile; fileRef = 6FED3586268E762F002F1B12 /* earth.png */; };
		6FF9344026614B3500CFEFD2 /* Anderik.png in Resources */ = {isa = PBXBuildFile; fileRef = 6FF9343D26614B3500CFEFD2 /* Anderik.png */; };
		6FF9344126614B3500CFEFD2 /* Eleuz.png in Resources */ = {isa = PBXBuildFile; fileRef = 6FF9343E26614B3500CFEFD2 /* Eleuz.png */; };
		6FF9344226614B3500CFEFD2 /* Artophy.png in Resources */ = {isa = PBXBuildFile; fileRef = 6FF9343F26614B3500CFEFD2 /* Artophy.png */; };
		72E8C50326F257FF00D5FDEB /* mars.scn in Resources */ = {isa = PBXBuildFile; fileRef = 72E8C50226F257FF00D5FDEB /* mars.scn */; };
		72E8C50526F2586000D5FDEB /* a.scn in Resources */ = {isa = PBXBuildFile; fileRef = 72E8C50426F2586000D5FDEB /* a.scn */; };
/* End PBXBuildFile section */

/* Begin PBXFileReference section */
		018CCEA1CF96B34CE59FB14B /* Pods-Open Space.debug.xcconfig */ = {isa = PBXFileReference; includeInIndex = 1; lastKnownFileType = text.xcconfig; name = "Pods-Open Space.debug.xcconfig"; path = "Target Support Files/Pods-Open Space/Pods-Open Space.debug.xcconfig"; sourceTree = "<group>"; };
		2D46924F239A33D2301DCC36 /* Pods-Open Space.release.xcconfig */ = {isa = PBXFileReference; includeInIndex = 1; lastKnownFileType = text.xcconfig; name = "Pods-Open Space.release.xcconfig"; path = "Target Support Files/Pods-Open Space/Pods-Open Space.release.xcconfig"; sourceTree = "<group>"; };
		6F022419240248240035F7E4 /* EXPORT_GOOGLE_SAT_WM-mtwashington.png */ = {isa = PBXFileReference; lastKnownFileType = image.png; path = "EXPORT_GOOGLE_SAT_WM-mtwashington.png"; sourceTree = "<group>"; };
		6F02241F240248CB0035F7E4 /* ExploreEarthSceneViewController.swift */ = {isa = PBXFileReference; lastKnownFileType = sourcecode.swift; path = ExploreEarthSceneViewController.swift; sourceTree = "<group>"; };
		6F022423240250A60035F7E4 /* mtwashington.scn */ = {isa = PBXFileReference; lastKnownFileType = file.bplist; path = mtwashington.scn; sourceTree = "<group>"; };
		6F158182240167E60005A00E /* ISS_stationary2.usdz */ = {isa = PBXFileReference; lastKnownFileType = file.usdz; path = ISS_stationary2.usdz; sourceTree = "<group>"; };
		6F294564240B1E6E008328FC /* GSFC_20171208_Archive_e001359orig.jpg */ = {isa = PBXFileReference; lastKnownFileType = image.jpeg; name = GSFC_20171208_Archive_e001359orig.jpg; path = sourceimages/GSFC_20171208_Archive_e001359orig.jpg; sourceTree = SOURCE_ROOT; };
		6F294566240B1F7F008328FC /* iss006e48523orig.jpg */ = {isa = PBXFileReference; lastKnownFileType = image.jpeg; name = iss006e48523orig.jpg; path = sourceimages/iss006e48523orig.jpg; sourceTree = SOURCE_ROOT; };
		6F30352C240FB007006C4684 /* NavGameController.swift */ = {isa = PBXFileReference; lastKnownFileType = sourcecode.swift; path = NavGameController.swift; sourceTree = "<group>"; };
		6F30352E240FC3C0006C4684 /* moon.dae */ = {isa = PBXFileReference; fileEncoding = 4; lastKnownFileType = text.xml.dae; path = moon.dae; sourceTree = "<group>"; };
		6F303530240FE382006C4684 /* moon.scn */ = {isa = PBXFileReference; lastKnownFileType = file.bplist; path = moon.scn; sourceTree = "<group>"; };
		6F303532240FE993006C4684 /* photo-of-stars-and-galaxy-3772378.jpg */ = {isa = PBXFileReference; lastKnownFileType = image.jpeg; path = "photo-of-stars-and-galaxy-3772378.jpg"; sourceTree = "<group>"; };
		6F303534240FEA66006C4684 /* starry-sky-998641.jpg */ = {isa = PBXFileReference; lastKnownFileType = image.jpeg; path = "starry-sky-998641.jpg"; sourceTree = "<group>"; };
		6F34E310263B4C8200E67276 /* Defaults.swift */ = {isa = PBXFileReference; lastKnownFileType = sourcecode.swift; path = Defaults.swift; sourceTree = "<group>"; };
		6F34E3262640E9E500E67276 /* spaceshipa.dae */ = {isa = PBXFileReference; fileEncoding = 4; lastKnownFileType = text.xml.dae; path = spaceshipa.dae; sourceTree = "<group>"; };
		6F34E3282640E9F600E67276 /* anderik.scn */ = {isa = PBXFileReference; lastKnownFileType = file.bplist; path = anderik.scn; sourceTree = "<group>"; };
		6F34E32A2641A51200E67276 /* spaceshipc.dae */ = {isa = PBXFileReference; fileEncoding = 4; lastKnownFileType = text.xml.dae; path = spaceshipc.dae; sourceTree = "<group>"; };
		6F34E32C2641A52100E67276 /* eleuz.scn */ = {isa = PBXFileReference; lastKnownFileType = file.bplist; path = eleuz.scn; sourceTree = "<group>"; };
		6F43938D23FF56830007614D /* instantmeshstation2.scn */ = {isa = PBXFileReference; lastKnownFileType = file.bplist; path = instantmeshstation2.scn; sourceTree = "<group>"; };
		6F43938F23FF6DC60007614D /* MarsViewController.swift */ = {isa = PBXFileReference; lastKnownFileType = sourcecode.swift; path = MarsViewController.swift; sourceTree = "<group>"; };
		6F4A3F5A252E1B4100147723 /* pexels-tom-fisk-1653823_great-wall.jpg */ = {isa = PBXFileReference; lastKnownFileType = image.jpeg; path = "pexels-tom-fisk-1653823_great-wall.jpg"; sourceTree = "<group>"; };
		6F4A3F5E252E40A800147723 /* pexels-abdullah-ghatasheh-1631665.jpg */ = {isa = PBXFileReference; lastKnownFileType = image.jpeg; path = "pexels-abdullah-ghatasheh-1631665.jpg"; sourceTree = "<group>"; };
		6F4AD6A223FDC1A70052B8F0 /* Metal_Weave_003_basecolor.jpg */ = {isa = PBXFileReference; lastKnownFileType = image.jpeg; path = Metal_Weave_003_basecolor.jpg; sourceTree = "<group>"; };
		6F5B8E252402458B00757B99 /* EXPORT_GOOGLE_SAT_WM.png */ = {isa = PBXFileReference; lastKnownFileType = image.png; path = EXPORT_GOOGLE_SAT_WM.png; sourceTree = "<group>"; };
		6F5B8E272402458B00757B99 /* mtrushmore.scn */ = {isa = PBXFileReference; lastKnownFileType = file.bplist; path = mtrushmore.scn; sourceTree = "<group>"; };
		6F6146F024224F2F000DFACC /* EarthViewController.swift */ = {isa = PBXFileReference; lastKnownFileType = sourcecode.swift; path = EarthViewController.swift; sourceTree = "<group>"; };
		6F636B8C24015A760070C292 /* Sun_1_1391000.usdz */ = {isa = PBXFileReference; lastKnownFileType = file.usdz; path = Sun_1_1391000.usdz; sourceTree = "<group>"; };
		6F636B9024015CA10070C292 /* 2k_sun.jpg */ = {isa = PBXFileReference; lastKnownFileType = image.jpeg; name = 2k_sun.jpg; path = sourceimages/2k_sun.jpg; sourceTree = SOURCE_ROOT; };
		6F636B9224015CEE0070C292 /* sunlowres.scn */ = {isa = PBXFileReference; lastKnownFileType = file.bplist; name = sunlowres.scn; path = "Open Space/3dmodels/planets/sunlowres.scn"; sourceTree = SOURCE_ROOT; };
		6F643E9B2530DBCB001164E4 /* pexels-fly-rj-2818895-christ.jpg */ = {isa = PBXFileReference; lastKnownFileType = image.jpeg; path = "pexels-fly-rj-2818895-christ.jpg"; sourceTree = "<group>"; };
		6F643E9C2530DBCB001164E4 /* pexels-alex-azabache-3290068-chicken-itza.jpg */ = {isa = PBXFileReference; lastKnownFileType = image.jpeg; path = "pexels-alex-azabache-3290068-chicken-itza.jpg"; sourceTree = "<group>"; };
		6F643E9D2530DBCB001164E4 /* pexels-pixabay-262786-pyramid.jpg */ = {isa = PBXFileReference; lastKnownFileType = image.jpeg; path = "pexels-pixabay-262786-pyramid.jpg"; sourceTree = "<group>"; };
		6F643E9E2530DBCB001164E4 /* pexels-chait-goli-1797161-colosseum.jpg */ = {isa = PBXFileReference; lastKnownFileType = image.jpeg; path = "pexels-chait-goli-1797161-colosseum.jpg"; sourceTree = "<group>"; };
		6F643E9F2530DBCC001164E4 /* pexels-pixabay-259967-machu-picchu.jpg */ = {isa = PBXFileReference; lastKnownFileType = image.jpeg; path = "pexels-pixabay-259967-machu-picchu.jpg"; sourceTree = "<group>"; };
		6F677BA124076EE6004A1C8B /* earth.dae */ = {isa = PBXFileReference; fileEncoding = 4; lastKnownFileType = text.xml.dae; path = earth.dae; sourceTree = "<group>"; };
		6F677BA324076FF4004A1C8B /* 2k_earth_daymap.jpg */ = {isa = PBXFileReference; lastKnownFileType = image.jpeg; path = 2k_earth_daymap.jpg; sourceTree = "<group>"; };
		6F677BA5240772F3004A1C8B /* earth.scn */ = {isa = PBXFileReference; lastKnownFileType = file.bplist; path = earth.scn; sourceTree = "<group>"; };
		6F677BA72407742F004A1C8B /* PIA09653orig.jpg */ = {isa = PBXFileReference; lastKnownFileType = image.jpeg; path = PIA09653orig.jpg; sourceTree = "<group>"; };
		6F677BA9240776F1004A1C8B /* PIA04921orig.jpg */ = {isa = PBXFileReference; lastKnownFileType = image.jpeg; path = PIA04921orig.jpg; sourceTree = "<group>"; };
		6F6D845723FF87E300328057 /* flagcool.dae */ = {isa = PBXFileReference; fileEncoding = 4; lastKnownFileType = text.xml.dae; path = flagcool.dae; sourceTree = "<group>"; };
		6F6D845A23FF8B8E00328057 /* PIA01120orig.jpg */ = {isa = PBXFileReference; lastKnownFileType = image.jpeg; path = PIA01120orig.jpg; sourceTree = "<group>"; };
		6F6D845C23FF8C8800328057 /* Utils.swift */ = {isa = PBXFileReference; lastKnownFileType = sourcecode.swift; path = Utils.swift; sourceTree = "<group>"; };
		6F7380A923FEFAFF00D767E0 /* AlertViewController.swift */ = {isa = PBXFileReference; lastKnownFileType = sourcecode.swift; path = AlertViewController.swift; sourceTree = "<group>"; };
		6F81A27B24155C4300D79494 /* Assets.xcassets */ = {isa = PBXFileReference; lastKnownFileType = folder.assetcatalog; path = Assets.xcassets; sourceTree = "<group>"; };
		6F82074424815CB5008C52D4 /* Open Space.entitlements */ = {isa = PBXFileReference; lastKnownFileType = text.plist.entitlements; path = "Open Space.entitlements"; sourceTree = "<group>"; };
		6F86CC69240039A1005AECC9 /* SelectLocationViewController.swift */ = {isa = PBXFileReference; lastKnownFileType = sourcecode.swift; path = SelectLocationViewController.swift; sourceTree = "<group>"; };
		6F86CC6C24003AB3005AECC9 /* LocationCollectionViewCell.swift */ = {isa = PBXFileReference; lastKnownFileType = sourcecode.swift; path = LocationCollectionViewCell.swift; sourceTree = "<group>"; };
		6F894C9E24227C5A00F011AC /* scenic-view-of-agricultural-field-against-sky-during-sunset-325944.jpg */ = {isa = PBXFileReference; lastKnownFileType = image.jpeg; path = "scenic-view-of-agricultural-field-against-sky-during-sunset-325944.jpg"; sourceTree = "<group>"; };
		6F895FA42606B4E000378FA7 /* lightspeed_PexelsVideos2757709.mp4 */ = {isa = PBXFileReference; lastKnownFileType = file; path = lightspeed_PexelsVideos2757709.mp4; sourceTree = "<group>"; };
		6F895FA72606B51500378FA7 /* TravelViewController.swift */ = {isa = PBXFileReference; lastKnownFileType = sourcecode.swift; path = TravelViewController.swift; sourceTree = "<group>"; };
		6F91EC9A260F9A700058B9F5 /* ShipyardViewController.swift */ = {isa = PBXFileReference; lastKnownFileType = sourcecode.swift; path = ShipyardViewController.swift; sourceTree = "<group>"; };
		6F9385582422ADDE001BE3F6 /* SpaceStationViewController.swift */ = {isa = PBXFileReference; lastKnownFileType = sourcecode.swift; path = SpaceStationViewController.swift; sourceTree = "<group>"; };
		6F93855D2422C068001BE3F6 /* eye-of-the-storm-image-from-outer-space-71116.jpg */ = {isa = PBXFileReference; lastKnownFileType = image.jpeg; path = "eye-of-the-storm-image-from-outer-space-71116.jpg"; sourceTree = "<group>"; };
		6F93855F24259CB8001BE3F6 /* WhereOnEarthSelectCollectionViewController.swift */ = {isa = PBXFileReference; lastKnownFileType = sourcecode.swift; path = WhereOnEarthSelectCollectionViewController.swift; sourceTree = "<group>"; };
		6F9385612425A249001BE3F6 /* EarthLocationState.swift */ = {isa = PBXFileReference; lastKnownFileType = sourcecode.swift; path = EarthLocationState.swift; sourceTree = "<group>"; };
		6F93856524261540001BE3F6 /* pexels_taj-mahal-india-1603650.jpg */ = {isa = PBXFileReference; lastKnownFileType = image.jpeg; name = "pexels_taj-mahal-india-1603650.jpg"; path = "Open Space/3dmodels/earthdestinations/pics/pexels_taj-mahal-india-1603650.jpg"; sourceTree = SOURCE_ROOT; };
		6F96DE6323FDE0DA00BAE0CF /* PIA12348orig.jpg */ = {isa = PBXFileReference; lastKnownFileType = image.jpeg; path = PIA12348orig.jpg; sourceTree = "<group>"; };
		6F96DE6523FDF93F00BAE0CF /* InventoryViewController.swift */ = {isa = PBXFileReference; lastKnownFileType = sourcecode.swift; path = InventoryViewController.swift; sourceTree = "<group>"; };
		6F988A9823FF944100F7ED73 /* flagcool.scn */ = {isa = PBXFileReference; lastKnownFileType = file.bplist; path = flagcool.scn; sourceTree = "<group>"; };
		6F9C596323FE1BDF00808386 /* a.dae */ = {isa = PBXFileReference; fileEncoding = 4; lastKnownFileType = text.xml.dae; name = a.dae; path = "Open Space/3dmodels/asteroids/a.dae"; sourceTree = SOURCE_ROOT; };
		6FA314682401945D009D77AB /* PIA17563orig.jpg */ = {isa = PBXFileReference; lastKnownFileType = image.jpeg; name = PIA17563orig.jpg; path = sourceimages/PIA17563orig.jpg; sourceTree = SOURCE_ROOT; };
		6FA3146B2401E57F009D77AB /* LocationState.swift */ = {isa = PBXFileReference; lastKnownFileType = sourcecode.swift; name = LocationState.swift; path = "Open Space/3dmodels/LocationState.swift"; sourceTree = SOURCE_ROOT; };
		6FA4D33323FFB2CB0088B4A4 /* GameState.swift */ = {isa = PBXFileReference; lastKnownFileType = sourcecode.swift; path = GameState.swift; sourceTree = "<group>"; };
		6FA52B1C23FE335500B16480 /* b.dae */ = {isa = PBXFileReference; fileEncoding = 4; lastKnownFileType = text.xml.dae; path = b.dae; sourceTree = "<group>"; };
		6FA52B1E23FE3D3100B16480 /* d.dae */ = {isa = PBXFileReference; fileEncoding = 4; lastKnownFileType = text.xml.dae; path = d.dae; sourceTree = "<group>"; };
		6FA5934624001043007C16E3 /* artophy.scn */ = {isa = PBXFileReference; lastKnownFileType = file.bplist; path = artophy.scn; sourceTree = "<group>"; };
		6FA5934824001B42007C16E3 /* PaddingLabel.swift */ = {isa = PBXFileReference; lastKnownFileType = sourcecode.swift; path = PaddingLabel.swift; sourceTree = "<group>"; };
		6FB0EEF523FDA1A800EA28D7 /* Open Space.app */ = {isa = PBXFileReference; explicitFileType = wrapper.application; includeInIndex = 0; path = "Open Space.app"; sourceTree = BUILT_PRODUCTS_DIR; };
		6FB0EEF823FDA1A800EA28D7 /* AppDelegate.swift */ = {isa = PBXFileReference; lastKnownFileType = sourcecode.swift; path = AppDelegate.swift; sourceTree = "<group>"; };
		6FB0EEFC23FDA1A800EA28D7 /* GameViewController.swift */ = {isa = PBXFileReference; lastKnownFileType = sourcecode.swift; path = GameViewController.swift; sourceTree = "<group>"; };
		6FB0EEFF23FDA1A800EA28D7 /* Base */ = {isa = PBXFileReference; lastKnownFileType = file.storyboard; name = Base; path = Base.lproj/Main.storyboard; sourceTree = "<group>"; };
		6FB0EF0423FDA1A900EA28D7 /* Base */ = {isa = PBXFileReference; lastKnownFileType = file.storyboard; name = Base; path = Base.lproj/LaunchScreen.storyboard; sourceTree = "<group>"; };
		6FB0EF0623FDA1A900EA28D7 /* Info.plist */ = {isa = PBXFileReference; lastKnownFileType = text.plist.xml; path = Info.plist; sourceTree = "<group>"; };
		6FB0EF0F23FDA1F500EA28D7 /* spaceshipb.dae */ = {isa = PBXFileReference; fileEncoding = 4; lastKnownFileType = text.xml.dae; path = spaceshipb.dae; sourceTree = "<group>"; };
		6FCCF110260297E000514899 /* README.md */ = {isa = PBXFileReference; fileEncoding = 4; lastKnownFileType = net.daringfireball.markdown; path = README.md; sourceTree = "<group>"; };
		6FD0296423FEC8620082209D /* space_icon_200.jpg */ = {isa = PBXFileReference; lastKnownFileType = image.jpeg; path = space_icon_200.jpg; sourceTree = "<group>"; };
		6FD0296623FEC9FF0082209D /* space_icon_1024.jpg */ = {isa = PBXFileReference; lastKnownFileType = image.jpeg; path = space_icon_1024.jpg; sourceTree = "<group>"; };
		6FD0296823FECDD20082209D /* starcrumpled.dae */ = {isa = PBXFileReference; fileEncoding = 4; lastKnownFileType = text.xml.dae; path = starcrumpled.dae; sourceTree = "<group>"; };
		6FD0296A23FED5270082209D /* planetveg.dae */ = {isa = PBXFileReference; fileEncoding = 4; lastKnownFileType = text.xml.dae; path = planetveg.dae; sourceTree = "<group>"; };
		6FD0296C23FED5A80082209D /* 2k_mars.jpg */ = {isa = PBXFileReference; lastKnownFileType = image.jpeg; path = 2k_mars.jpg; sourceTree = "<group>"; };
		6FD92041259B71B5008F6CA3 /* quasar.png */ = {isa = PBXFileReference; lastKnownFileType = image.png; name = quasar.png; path = sourceimages/quasar.png; sourceTree = SOURCE_ROOT; };
		6FD92044259B71E9008F6CA3 /* quasar.png */ = {isa = PBXFileReference; lastKnownFileType = image.png; name = quasar.png; path = sourceimages/quasar.png; sourceTree = SOURCE_ROOT; };
		6FD9204C259B87A2008F6CA3 /* iss044e045215_lrg.jpg */ = {isa = PBXFileReference; lastKnownFileType = image.jpeg; name = iss044e045215_lrg.jpg; path = sourceimages/iss/iss044e045215_lrg.jpg; sourceTree = SOURCE_ROOT; };
		6FD9204D259B87A2008F6CA3 /* 30509478486_5fff4559ab_o.jpg */ = {isa = PBXFileReference; lastKnownFileType = image.jpeg; name = 30509478486_5fff4559ab_o.jpg; path = sourceimages/iss/30509478486_5fff4559ab_o.jpg; sourceTree = SOURCE_ROOT; };
		6FD9204E259B87A2008F6CA3 /* bwhi1apicaaamlo.jpg_large.jpg */ = {isa = PBXFileReference; lastKnownFileType = image.jpeg; name = bwhi1apicaaamlo.jpg_large.jpg; path = sourceimages/iss/bwhi1apicaaamlo.jpg_large.jpg; sourceTree = SOURCE_ROOT; };
		6FD9204F259B87A2008F6CA3 /* iss045e166104.jpg */ = {isa = PBXFileReference; lastKnownFileType = image.jpeg; name = iss045e166104.jpg; path = sourceimages/iss/iss045e166104.jpg; sourceTree = SOURCE_ROOT; };
		6FD92050259B87A2008F6CA3 /* 14648179676_db2001e0fa_o.jpg */ = {isa = PBXFileReference; lastKnownFileType = image.jpeg; name = 14648179676_db2001e0fa_o.jpg; path = sourceimages/iss/14648179676_db2001e0fa_o.jpg; sourceTree = SOURCE_ROOT; };
		6FD92051259B87A2008F6CA3 /* florence.jpg */ = {isa = PBXFileReference; lastKnownFileType = image.jpeg; name = florence.jpg; path = sourceimages/iss/florence.jpg; sourceTree = SOURCE_ROOT; };
		6FD92052259B87A2008F6CA3 /* 24609260915_a840b027e5_o.jpg */ = {isa = PBXFileReference; lastKnownFileType = image.jpeg; name = 24609260915_a840b027e5_o.jpg; path = sourceimages/iss/24609260915_a840b027e5_o.jpg; sourceTree = SOURCE_ROOT; };
		6FDADF242644D1BF00F7878C /* SelectShipViewController.swift */ = {isa = PBXFileReference; lastKnownFileType = sourcecode.swift; path = SelectShipViewController.swift; sourceTree = "<group>"; };
		6FDB587623FE4BA7004263CB /* allgreentree.dae */ = {isa = PBXFileReference; fileEncoding = 4; lastKnownFileType = text.xml.dae; name = allgreentree.dae; path = "Open Space/3dmodels/tree/allgreentree.dae"; sourceTree = SOURCE_ROOT; };
		6FDB588123FEB952004263CB /* mars.dae */ = {isa = PBXFileReference; fileEncoding = 4; lastKnownFileType = text.xml.dae; path = mars.dae; sourceTree = "<group>"; };
		6FDB588623FEB9B8004263CB /* yellowstar.dae */ = {isa = PBXFileReference; fileEncoding = 4; lastKnownFileType = text.xml.dae; path = yellowstar.dae; sourceTree = "<group>"; };
		6FDB588823FEBAEF004263CB /* yellowstar100.dae */ = {isa = PBXFileReference; fileEncoding = 4; lastKnownFileType = text.xml.dae; path = yellowstar100.dae; sourceTree = "<group>"; };
		6FDB588A23FEBE06004263CB /* starregular.dae */ = {isa = PBXFileReference; fileEncoding = 4; lastKnownFileType = text.xml.dae; path = starregular.dae; sourceTree = "<group>"; };
		6FE911F823FF427B00255491 /* PIA13005orig.jpg */ = {isa = PBXFileReference; lastKnownFileType = image.jpeg; path = PIA13005orig.jpg; sourceTree = "<group>"; };
		6FE911FA23FF435500255491 /* PIA15415orig.jpg */ = {isa = PBXFileReference; lastKnownFileType = image.jpeg; path = PIA15415orig.jpg; sourceTree = "<group>"; };
		6FECC4D023FEE96000B46D91 /* instantmeshstation2.dae */ = {isa = PBXFileReference; fileEncoding = 4; lastKnownFileType = text.xml.dae; name = instantmeshstation2.dae; path = "Open Space/3dmodels/stations/instantmeshstation2.dae"; sourceTree = SOURCE_ROOT; };
		6FED3583268E762E002F1B12 /* iss.png */ = {isa = PBXFileReference; lastKnownFileType = image.png; path = iss.png; sourceTree = "<group>"; };
		6FED3584268E762E002F1B12 /* mars.png */ = {isa = PBXFileReference; lastKnownFileType = image.png; path = mars.png; sourceTree = "<group>"; };
		6FED3585268E762F002F1B12 /* moon.png */ = {isa = PBXFileReference; lastKnownFileType = image.png; path = moon.png; sourceTree = "<group>"; };
		6FED3586268E762F002F1B12 /* earth.png */ = {isa = PBXFileReference; lastKnownFileType = image.png; path = earth.png; sourceTree = "<group>"; };
		6FF9343D26614B3500CFEFD2 /* Anderik.png */ = {isa = PBXFileReference; lastKnownFileType = image.png; path = Anderik.png; sourceTree = "<group>"; };
		6FF9343E26614B3500CFEFD2 /* Eleuz.png */ = {isa = PBXFileReference; lastKnownFileType = image.png; path = Eleuz.png; sourceTree = "<group>"; };
		6FF9343F26614B3500CFEFD2 /* Artophy.png */ = {isa = PBXFileReference; lastKnownFileType = image.png; path = Artophy.png; sourceTree = "<group>"; };
		72E8C50226F257FF00D5FDEB /* mars.scn */ = {isa = PBXFileReference; lastKnownFileType = file.bplist; path = mars.scn; sourceTree = "<group>"; };
		72E8C50426F2586000D5FDEB /* a.scn */ = {isa = PBXFileReference; lastKnownFileType = file.bplist; path = a.scn; sourceTree = "<group>"; };
		E1C8C2A5759B0325181F8EC4 /* Pods_Open_Space.framework */ = {isa = PBXFileReference; explicitFileType = wrapper.framework; includeInIndex = 0; path = Pods_Open_Space.framework; sourceTree = BUILT_PRODUCTS_DIR; };
/* End PBXFileReference section */

/* Begin PBXFrameworksBuildPhase section */
		6FB0EEF223FDA1A800EA28D7 /* Frameworks */ = {
			isa = PBXFrameworksBuildPhase;
			buildActionMask = 2147483647;
			files = (
				193C316310F965AF215A1933 /* Pods_Open_Space.framework in Frameworks */,
			);
			runOnlyForDeploymentPostprocessing = 0;
		};
/* End PBXFrameworksBuildPhase section */

/* Begin PBXGroup section */
		35D7EF5FCFAD97927D9DE97E /* Frameworks */ = {
			isa = PBXGroup;
			children = (
				E1C8C2A5759B0325181F8EC4 /* Pods_Open_Space.framework */,
			);
			name = Frameworks;
			sourceTree = "<group>";
		};
		4A6CA5CD975451981FEB3438 /* Pods */ = {
			isa = PBXGroup;
			children = (
				018CCEA1CF96B34CE59FB14B /* Pods-Open Space.debug.xcconfig */,
				2D46924F239A33D2301DCC36 /* Pods-Open Space.release.xcconfig */,
			);
			path = Pods;
			sourceTree = "<group>";
		};
		6F022418240248140035F7E4 /* mtwashington */ = {
			isa = PBXGroup;
			children = (
				6F022419240248240035F7E4 /* EXPORT_GOOGLE_SAT_WM-mtwashington.png */,
				6F022423240250A60035F7E4 /* mtwashington.scn */,
			);
			path = mtwashington;
			sourceTree = "<group>";
		};
		6F3DBE7524022A3E00E1974A /* earthdestinations */ = {
			isa = PBXGroup;
			children = (
				6F4A3F59252E1AF900147723 /* pics */,
				6F022418240248140035F7E4 /* mtwashington */,
				6F698F422402450100E86B65 /* mtrushmore */,
			);
			path = earthdestinations;
			sourceTree = "<group>";
		};
		6F4A3F59252E1AF900147723 /* pics */ = {
			isa = PBXGroup;
			children = (
				6FD92041259B71B5008F6CA3 /* quasar.png */,
				6F4A3F5E252E40A800147723 /* pexels-abdullah-ghatasheh-1631665.jpg */,
				6F4A3F5A252E1B4100147723 /* pexels-tom-fisk-1653823_great-wall.jpg */,
				6F93856524261540001BE3F6 /* pexels_taj-mahal-india-1603650.jpg */,
				6F643E9C2530DBCB001164E4 /* pexels-alex-azabache-3290068-chicken-itza.jpg */,
				6F643E9E2530DBCB001164E4 /* pexels-chait-goli-1797161-colosseum.jpg */,
				6F643E9B2530DBCB001164E4 /* pexels-fly-rj-2818895-christ.jpg */,
				6F643E9F2530DBCC001164E4 /* pexels-pixabay-259967-machu-picchu.jpg */,
				6F643E9D2530DBCB001164E4 /* pexels-pixabay-262786-pyramid.jpg */,
			);
			path = pics;
			sourceTree = "<group>";
		};
		6F698F422402450100E86B65 /* mtrushmore */ = {
			isa = PBXGroup;
			children = (
				6F5B8E252402458B00757B99 /* EXPORT_GOOGLE_SAT_WM.png */,
				6F5B8E272402458B00757B99 /* mtrushmore.scn */,
			);
			path = mtrushmore;
			sourceTree = "<group>";
		};
		6F6D845623FF87A100328057 /* flags */ = {
			isa = PBXGroup;
			children = (
				6F6D845723FF87E300328057 /* flagcool.dae */,
				6F988A9823FF944100F7ED73 /* flagcool.scn */,
			);
			path = flags;
			sourceTree = "<group>";
		};
		6F6D845923FF8B8E00328057 /* mars */ = {
			isa = PBXGroup;
			children = (
				6F6D845A23FF8B8E00328057 /* PIA01120orig.jpg */,
			);
			path = mars;
			sourceTree = "<group>";
		};
		6F86CC6B24003A94005AECC9 /* Cells */ = {
			isa = PBXGroup;
			children = (
				6F86CC6C24003AB3005AECC9 /* LocationCollectionViewCell.swift */,
			);
			path = Cells;
			sourceTree = "<group>";
		};
		6F894C9D24227B6900F011AC /* earth */ = {
			isa = PBXGroup;
			children = (
				6F894C9E24227C5A00F011AC /* scenic-view-of-agricultural-field-against-sky-during-sunset-325944.jpg */,
			);
			path = earth;
			sourceTree = "<group>";
		};
		6F895FA32606B4C200378FA7 /* videos */ = {
			isa = PBXGroup;
			children = (
				6F895FA42606B4E000378FA7 /* lightspeed_PexelsVideos2757709.mp4 */,
			);
			path = videos;
			sourceTree = "<group>";
		};
		6F93855A2422BEFA001BE3F6 /* station */ = {
			isa = PBXGroup;
			children = (
			);
			path = station;
			sourceTree = "<group>";
		};
		6F96DE6223FDDE3800BAE0CF /* images */ = {
			isa = PBXGroup;
			children = (
				6FED3582268E761B002F1B12 /* planet_thumbnails */,
				6FF9343C26614AF800CFEFD2 /* ship_thumbnails */,
				6F93855D2422C068001BE3F6 /* eye-of-the-storm-image-from-outer-space-71116.jpg */,
				6F303534240FEA66006C4684 /* starry-sky-998641.jpg */,
				6F303532240FE993006C4684 /* photo-of-stars-and-galaxy-3772378.jpg */,
				6FE911F723FF425400255491 /* nasa */,
				6FD0296C23FED5A80082209D /* 2k_mars.jpg */,
				6FD0296623FEC9FF0082209D /* space_icon_1024.jpg */,
				6FD0296423FEC8620082209D /* space_icon_200.jpg */,
				6F4AD6A223FDC1A70052B8F0 /* Metal_Weave_003_basecolor.jpg */,
			);
			path = images;
			sourceTree = "<group>";
		};
		6F9C596D23FE1EEF00808386 /* asteroids */ = {
			isa = PBXGroup;
			children = (
				6F9C596323FE1BDF00808386 /* a.dae */,
				72E8C50426F2586000D5FDEB /* a.scn */,
			);
			path = asteroids;
			sourceTree = "<group>";
		};
		6FA314672401943D009D77AB /* space */ = {
			isa = PBXGroup;
			children = (
				6F294566240B1F7F008328FC /* iss006e48523orig.jpg */,
				6F294564240B1E6E008328FC /* GSFC_20171208_Archive_e001359orig.jpg */,
				6F677BA9240776F1004A1C8B /* PIA04921orig.jpg */,
				6F677BA72407742F004A1C8B /* PIA09653orig.jpg */,
				6FA314682401945D009D77AB /* PIA17563orig.jpg */,
				6FE911FA23FF435500255491 /* PIA15415orig.jpg */,
				6FE911F823FF427B00255491 /* PIA13005orig.jpg */,
				6F96DE6323FDE0DA00BAE0CF /* PIA12348orig.jpg */,
			);
			path = space;
			sourceTree = "<group>";
		};
		6FA3146A2401E56D009D77AB /* State */ = {
			isa = PBXGroup;
			children = (
				6F34E310263B4C8200E67276 /* Defaults.swift */,
				6FA4D33323FFB2CB0088B4A4 /* GameState.swift */,
				6FA3146B2401E57F009D77AB /* LocationState.swift */,
				6F9385612425A249001BE3F6 /* EarthLocationState.swift */,
			);
			path = State;
			sourceTree = "<group>";
		};
		6FA52B2023FE3DEF00B16480 /* debris */ = {
			isa = PBXGroup;
			children = (
				6FA52B1E23FE3D3100B16480 /* d.dae */,
				6FA52B1C23FE335500B16480 /* b.dae */,
			);
			path = debris;
			sourceTree = "<group>";
		};
		6FB0EEEC23FDA1A800EA28D7 = {
			isa = PBXGroup;
			children = (
				6FCCF110260297E000514899 /* README.md */,
				6FB0EEF723FDA1A800EA28D7 /* Open Space */,
				6FB0EEF623FDA1A800EA28D7 /* Products */,
				4A6CA5CD975451981FEB3438 /* Pods */,
				35D7EF5FCFAD97927D9DE97E /* Frameworks */,
			);
			sourceTree = "<group>";
		};
		6FB0EEF623FDA1A800EA28D7 /* Products */ = {
			isa = PBXGroup;
			children = (
				6FB0EEF523FDA1A800EA28D7 /* Open Space.app */,
			);
			name = Products;
			sourceTree = "<group>";
		};
		6FB0EEF723FDA1A800EA28D7 /* Open Space */ = {
			isa = PBXGroup;
			children = (
				6F82074424815CB5008C52D4 /* Open Space.entitlements */,
				6FA3146A2401E56D009D77AB /* State */,
				6F86CC6B24003A94005AECC9 /* Cells */,
				6FDB587D23FE5EA9004263CB /* ViewControllers */,
				6F96DE6223FDDE3800BAE0CF /* images */,
				6FB0EF0D23FDA1D000EA28D7 /* 3dmodels */,
				6F895FA32606B4C200378FA7 /* videos */,
				6FB0EEF823FDA1A800EA28D7 /* AppDelegate.swift */,
				6FB0EEFE23FDA1A800EA28D7 /* Main.storyboard */,
				6FB0EF0323FDA1A900EA28D7 /* LaunchScreen.storyboard */,
				6FB0EF0623FDA1A900EA28D7 /* Info.plist */,
				6F6D845C23FF8C8800328057 /* Utils.swift */,
				6FA5934824001B42007C16E3 /* PaddingLabel.swift */,
				6F30352C240FB007006C4684 /* NavGameController.swift */,
				6FD92044259B71E9008F6CA3 /* quasar.png */,
				6F81A27B24155C4300D79494 /* Assets.xcassets */,
			);
			path = "Open Space";
			sourceTree = "<group>";
		};
		6FB0EF0D23FDA1D000EA28D7 /* 3dmodels */ = {
			isa = PBXGroup;
			children = (
				6FD9204B259B878F008F6CA3 /* iss */,
				6F3DBE7524022A3E00E1974A /* earthdestinations */,
				6F6D845623FF87A100328057 /* flags */,
				6FB65B4123FEDAEB008FBEF2 /* stations */,
				6FDB588523FEB990004263CB /* stars */,
				6FDB588023FEB952004263CB /* planets */,
				6FDB587C23FE5E95004263CB /* tree */,
				6FA52B2023FE3DEF00B16480 /* debris */,
				6F9C596D23FE1EEF00808386 /* asteroids */,
				6FB0EF0E23FDA1DF00EA28D7 /* spaceships */,
			);
			path = 3dmodels;
			sourceTree = "<group>";
		};
		6FB0EF0E23FDA1DF00EA28D7 /* spaceships */ = {
			isa = PBXGroup;
			children = (
				6FB0EF0F23FDA1F500EA28D7 /* spaceshipb.dae */,
				6F34E3262640E9E500E67276 /* spaceshipa.dae */,
				6F34E3282640E9F600E67276 /* anderik.scn */,
				6FA5934624001043007C16E3 /* artophy.scn */,
				6F34E32A2641A51200E67276 /* spaceshipc.dae */,
				6F34E32C2641A52100E67276 /* eleuz.scn */,
			);
			path = spaceships;
			sourceTree = "<group>";
		};
		6FB65B4123FEDAEB008FBEF2 /* stations */ = {
			isa = PBXGroup;
			children = (
				6F158182240167E60005A00E /* ISS_stationary2.usdz */,
				6F43938D23FF56830007614D /* instantmeshstation2.scn */,
				6FECC4D023FEE96000B46D91 /* instantmeshstation2.dae */,
			);
			path = stations;
			sourceTree = "<group>";
		};
		6FD9204B259B878F008F6CA3 /* iss */ = {
			isa = PBXGroup;
			children = (
				6FD92050259B87A2008F6CA3 /* 14648179676_db2001e0fa_o.jpg */,
				6FD92052259B87A2008F6CA3 /* 24609260915_a840b027e5_o.jpg */,
				6FD9204D259B87A2008F6CA3 /* 30509478486_5fff4559ab_o.jpg */,
				6FD9204E259B87A2008F6CA3 /* bwhi1apicaaamlo.jpg_large.jpg */,
				6FD92051259B87A2008F6CA3 /* florence.jpg */,
				6FD9204C259B87A2008F6CA3 /* iss044e045215_lrg.jpg */,
				6FD9204F259B87A2008F6CA3 /* iss045e166104.jpg */,
			);
			path = iss;
			sourceTree = "<group>";
		};
		6FDB587C23FE5E95004263CB /* tree */ = {
			isa = PBXGroup;
			children = (
				6FDB587623FE4BA7004263CB /* allgreentree.dae */,
			);
			path = tree;
			sourceTree = "<group>";
		};
		6FDB587D23FE5EA9004263CB /* ViewControllers */ = {
			isa = PBXGroup;
			children = (
				6F96DE6523FDF93F00BAE0CF /* InventoryViewController.swift */,
				6FB0EEFC23FDA1A800EA28D7 /* GameViewController.swift */,
				6F7380A923FEFAFF00D767E0 /* AlertViewController.swift */,
				6F43938F23FF6DC60007614D /* MarsViewController.swift */,
				6F86CC69240039A1005AECC9 /* SelectLocationViewController.swift */,
				6F02241F240248CB0035F7E4 /* ExploreEarthSceneViewController.swift */,
				6F6146F024224F2F000DFACC /* EarthViewController.swift */,
				6F9385582422ADDE001BE3F6 /* SpaceStationViewController.swift */,
				6F93855F24259CB8001BE3F6 /* WhereOnEarthSelectCollectionViewController.swift */,
				6F895FA72606B51500378FA7 /* TravelViewController.swift */,
				6F91EC9A260F9A700058B9F5 /* ShipyardViewController.swift */,
				6FDADF242644D1BF00F7878C /* SelectShipViewController.swift */,
			);
			path = ViewControllers;
			sourceTree = "<group>";
		};
		6FDB588023FEB952004263CB /* planets */ = {
			isa = PBXGroup;
			children = (
				6F677BA324076FF4004A1C8B /* 2k_earth_daymap.jpg */,
				6F677BA124076EE6004A1C8B /* earth.dae */,
				6F677BA5240772F3004A1C8B /* earth.scn */,
				6FD0296A23FED5270082209D /* planetveg.dae */,
				6F30352E240FC3C0006C4684 /* moon.dae */,
				6F303530240FE382006C4684 /* moon.scn */,
				6FDB588123FEB952004263CB /* mars.dae */,
				72E8C50226F257FF00D5FDEB /* mars.scn */,
			);
			path = planets;
			sourceTree = "<group>";
		};
		6FDB588523FEB990004263CB /* stars */ = {
			isa = PBXGroup;
			children = (
				6F636B9224015CEE0070C292 /* sunlowres.scn */,
				6F636B9024015CA10070C292 /* 2k_sun.jpg */,
				6F636B8C24015A760070C292 /* Sun_1_1391000.usdz */,
				6FD0296823FECDD20082209D /* starcrumpled.dae */,
				6FDB588A23FEBE06004263CB /* starregular.dae */,
				6FDB588823FEBAEF004263CB /* yellowstar100.dae */,
				6FDB588623FEB9B8004263CB /* yellowstar.dae */,
			);
			path = stars;
			sourceTree = "<group>";
		};
		6FE911F723FF425400255491 /* nasa */ = {
			isa = PBXGroup;
			children = (
				6F93855A2422BEFA001BE3F6 /* station */,
				6F894C9D24227B6900F011AC /* earth */,
				6FA314672401943D009D77AB /* space */,
				6F6D845923FF8B8E00328057 /* mars */,
			);
			path = nasa;
			sourceTree = "<group>";
		};
		6FED3582268E761B002F1B12 /* planet_thumbnails */ = {
			isa = PBXGroup;
			children = (
				6FED3586268E762F002F1B12 /* earth.png */,
				6FED3583268E762E002F1B12 /* iss.png */,
				6FED3584268E762E002F1B12 /* mars.png */,
				6FED3585268E762F002F1B12 /* moon.png */,
			);
			path = planet_thumbnails;
			sourceTree = "<group>";
		};
		6FF9343C26614AF800CFEFD2 /* ship_thumbnails */ = {
			isa = PBXGroup;
			children = (
				6FF9343D26614B3500CFEFD2 /* Anderik.png */,
				6FF9343E26614B3500CFEFD2 /* Eleuz.png */,
				6FF9343F26614B3500CFEFD2 /* Artophy.png */,
			);
			path = ship_thumbnails;
			sourceTree = "<group>";
		};
/* End PBXGroup section */

/* Begin PBXNativeTarget section */
		6FB0EEF423FDA1A800EA28D7 /* Open Space */ = {
			isa = PBXNativeTarget;
			buildConfigurationList = 6FB0EF0923FDA1A900EA28D7 /* Build configuration list for PBXNativeTarget "Open Space" */;
			buildPhases = (
				32B1AE4C5A47BCD613BD6D75 /* [CP] Check Pods Manifest.lock */,
				6FB0EEF123FDA1A800EA28D7 /* Sources */,
				6FB0EEF223FDA1A800EA28D7 /* Frameworks */,
				6FB0EEF323FDA1A800EA28D7 /* Resources */,
				88EA40E22F21EE23DD50742A /* [CP] Embed Pods Frameworks */,
				6FD92067259BC653008F6CA3 /* ShellScript */,
			);
			buildRules = (
			);
			dependencies = (
			);
			name = "Open Space";
			productName = "Open Space";
			productReference = 6FB0EEF523FDA1A800EA28D7 /* Open Space.app */;
			productType = "com.apple.product-type.application";
		};
/* End PBXNativeTarget section */

/* Begin PBXProject section */
		6FB0EEED23FDA1A800EA28D7 /* Project object */ = {
			isa = PBXProject;
			attributes = {
				LastSwiftUpdateCheck = 1130;
				LastUpgradeCheck = 1240;
				ORGANIZATIONNAME = "GreenRobot LLC";
				TargetAttributes = {
					6FB0EEF423FDA1A800EA28D7 = {
						CreatedOnToolsVersion = 11.3.1;
					};
				};
			};
			buildConfigurationList = 6FB0EEF023FDA1A800EA28D7 /* Build configuration list for PBXProject "Open Space" */;
			compatibilityVersion = "Xcode 9.3";
			developmentRegion = en;
			hasScannedForEncodings = 0;
			knownRegions = (
				en,
				Base,
			);
			mainGroup = 6FB0EEEC23FDA1A800EA28D7;
			productRefGroup = 6FB0EEF623FDA1A800EA28D7 /* Products */;
			projectDirPath = "";
			projectRoot = "";
			targets = (
				6FB0EEF423FDA1A800EA28D7 /* Open Space */,
			);
		};
/* End PBXProject section */

/* Begin PBXResourcesBuildPhase section */
		6FB0EEF323FDA1A800EA28D7 /* Resources */ = {
			isa = PBXResourcesBuildPhase;
			buildActionMask = 2147483647;
			files = (
				6F5B8E2A2402458B00757B99 /* mtrushmore.scn in Resources */,
				6F643EA22530DBCC001164E4 /* pexels-pixabay-262786-pyramid.jpg in Resources */,
				6FA52B1D23FE335500B16480 /* b.dae in Resources */,
				6F4AD6A323FDC1A70052B8F0 /* Metal_Weave_003_basecolor.jpg in Resources */,
				6FE911FB23FF435500255491 /* PIA15415orig.jpg in Resources */,
				6FD0296923FECDD20082209D /* starcrumpled.dae in Resources */,
				6F022424240250A60035F7E4 /* mtwashington.scn in Resources */,
				6F34E3272640E9E500E67276 /* spaceshipa.dae in Resources */,
				6F02241B240248250035F7E4 /* EXPORT_GOOGLE_SAT_WM-mtwashington.png in Resources */,
				6F643EA12530DBCC001164E4 /* pexels-alex-azabache-3290068-chicken-itza.jpg in Resources */,
				6F4A3F5B252E1B4200147723 /* pexels-tom-fisk-1653823_great-wall.jpg in Resources */,
				6FB0EF0523FDA1A900EA28D7 /* LaunchScreen.storyboard in Resources */,
				6F5B8E282402458B00757B99 /* EXPORT_GOOGLE_SAT_WM.png in Resources */,
				6FF9344226614B3500CFEFD2 /* Artophy.png in Resources */,
				6F636B9324015CEE0070C292 /* sunlowres.scn in Resources */,
				6F9C596423FE1BDF00808386 /* a.dae in Resources */,
				6F96DE6423FDE0DA00BAE0CF /* PIA12348orig.jpg in Resources */,
				6F30352F240FC3C0006C4684 /* moon.dae in Resources */,
				6FD0296523FEC8620082209D /* space_icon_200.jpg in Resources */,
				6F636B8D24015A760070C292 /* Sun_1_1391000.usdz in Resources */,
				6F43938E23FF56830007614D /* instantmeshstation2.scn in Resources */,
				6F636B9124015CA20070C292 /* 2k_sun.jpg in Resources */,
				6F6D845B23FF8B8E00328057 /* PIA01120orig.jpg in Resources */,
				6FD92057259B87A2008F6CA3 /* 14648179676_db2001e0fa_o.jpg in Resources */,
				72E8C50526F2586000D5FDEB /* a.scn in Resources */,
				6F34E32B2641A51200E67276 /* spaceshipc.dae in Resources */,
				6FDB588923FEBAEF004263CB /* yellowstar100.dae in Resources */,
				6FE911F923FF427B00255491 /* PIA13005orig.jpg in Resources */,
				6F643EA32530DBCC001164E4 /* pexels-chait-goli-1797161-colosseum.jpg in Resources */,
				6FDB587723FE4BA7004263CB /* allgreentree.dae in Resources */,
				6F677BA424076FF4004A1C8B /* 2k_earth_daymap.jpg in Resources */,
				6F677BA6240772F3004A1C8B /* earth.scn in Resources */,
				6F6D845823FF87E300328057 /* flagcool.dae in Resources */,
				6FED358A268E762F002F1B12 /* earth.png in Resources */,
				6F4A3F5F252E40A800147723 /* pexels-abdullah-ghatasheh-1631665.jpg in Resources */,
				6F677BAA240776F1004A1C8B /* PIA04921orig.jpg in Resources */,
				6F988A9923FF944100F7ED73 /* flagcool.scn in Resources */,
				6FD0296B23FED5270082209D /* planetveg.dae in Resources */,
				6FED3587268E762F002F1B12 /* iss.png in Resources */,
				6F158183240167E60005A00E /* ISS_stationary2.usdz in Resources */,
				6FD92053259B87A2008F6CA3 /* iss044e045215_lrg.jpg in Resources */,
				6F34E32D2641A52100E67276 /* eleuz.scn in Resources */,
				6FDB588723FEB9B8004263CB /* yellowstar.dae in Resources */,
				6FECC4D123FEE96000B46D91 /* instantmeshstation2.dae in Resources */,
				6F895FA52606B4E000378FA7 /* lightspeed_PexelsVideos2757709.mp4 in Resources */,
				6F643EA02530DBCC001164E4 /* pexels-fly-rj-2818895-christ.jpg in Resources */,
				6F303535240FEA66006C4684 /* starry-sky-998641.jpg in Resources */,
				72E8C50326F257FF00D5FDEB /* mars.scn in Resources */,
				6F303533240FE993006C4684 /* photo-of-stars-and-galaxy-3772378.jpg in Resources */,
				6FDB588B23FEBE06004263CB /* starregular.dae in Resources */,
				6FD0296D23FED5A80082209D /* 2k_mars.jpg in Resources */,
				6F894C9F24227C5A00F011AC /* scenic-view-of-agricultural-field-against-sky-during-sunset-325944.jpg in Resources */,
				6FF9344126614B3500CFEFD2 /* Eleuz.png in Resources */,
				6FED3588268E762F002F1B12 /* mars.png in Resources */,
				6FED3589268E762F002F1B12 /* moon.png in Resources */,
				6FD92042259B71B5008F6CA3 /* quasar.png in Resources */,
				6F643EA42530DBCC001164E4 /* pexels-pixabay-259967-machu-picchu.jpg in Resources */,
				6FD92055259B87A2008F6CA3 /* bwhi1apicaaamlo.jpg_large.jpg in Resources */,
				6F677BA82407742F004A1C8B /* PIA09653orig.jpg in Resources */,
				6FA5934724001043007C16E3 /* artophy.scn in Resources */,
				6FF9344026614B3500CFEFD2 /* Anderik.png in Resources */,
				6F93855E2422C068001BE3F6 /* eye-of-the-storm-image-from-outer-space-71116.jpg in Resources */,
				6FDB588323FEB952004263CB /* mars.dae in Resources */,
				6FD92054259B87A2008F6CA3 /* 30509478486_5fff4559ab_o.jpg in Resources */,
				6F93856624261540001BE3F6 /* pexels_taj-mahal-india-1603650.jpg in Resources */,
				6FB0EF1023FDA1F500EA28D7 /* spaceshipb.dae in Resources */,
				6FA314692401945D009D77AB /* PIA17563orig.jpg in Resources */,
				6F303531240FE382006C4684 /* moon.scn in Resources */,
				6F677BA224076EE6004A1C8B /* earth.dae in Resources */,
				6FB0EF0023FDA1A800EA28D7 /* Main.storyboard in Resources */,
				6FD0296723FEC9FF0082209D /* space_icon_1024.jpg in Resources */,
				6FD92058259B87A2008F6CA3 /* florence.jpg in Resources */,
				6FA52B1F23FE3D3100B16480 /* d.dae in Resources */,
				6FD92059259B87A2008F6CA3 /* 24609260915_a840b027e5_o.jpg in Resources */,
				6F294565240B1E6E008328FC /* GSFC_20171208_Archive_e001359orig.jpg in Resources */,
				6F81A27C24155C4300D79494 /* Assets.xcassets in Resources */,
				6FCCF111260297E000514899 /* README.md in Resources */,
				6F294567240B1F7F008328FC /* iss006e48523orig.jpg in Resources */,
				6F34E3292640E9F600E67276 /* anderik.scn in Resources */,
				6FD92056259B87A2008F6CA3 /* iss045e166104.jpg in Resources */,
			);
			runOnlyForDeploymentPostprocessing = 0;
		};
/* End PBXResourcesBuildPhase section */

/* Begin PBXShellScriptBuildPhase section */
		32B1AE4C5A47BCD613BD6D75 /* [CP] Check Pods Manifest.lock */ = {
			isa = PBXShellScriptBuildPhase;
			buildActionMask = 2147483647;
			files = (
			);
			inputFileListPaths = (
			);
			inputPaths = (
				"${PODS_PODFILE_DIR_PATH}/Podfile.lock",
				"${PODS_ROOT}/Manifest.lock",
			);
			name = "[CP] Check Pods Manifest.lock";
			outputFileListPaths = (
			);
			outputPaths = (
				"$(DERIVED_FILE_DIR)/Pods-Open Space-checkManifestLockResult.txt",
			);
			runOnlyForDeploymentPostprocessing = 0;
			shellPath = /bin/sh;
			shellScript = "diff \"${PODS_PODFILE_DIR_PATH}/Podfile.lock\" \"${PODS_ROOT}/Manifest.lock\" > /dev/null\nif [ $? != 0 ] ; then\n    # print error to STDERR\n    echo \"error: The sandbox is not in sync with the Podfile.lock. Run 'pod install' or update your CocoaPods installation.\" >&2\n    exit 1\nfi\n# This output is used by Xcode 'outputs' to avoid re-running this script phase.\necho \"SUCCESS\" > \"${SCRIPT_OUTPUT_FILE_0}\"\n";
			showEnvVarsInLog = 0;
		};
		6FD92067259BC653008F6CA3 /* ShellScript */ = {
			isa = PBXShellScriptBuildPhase;
			buildActionMask = 2147483647;
			files = (
			);
			inputFileListPaths = (
			);
			inputPaths = (
			);
			outputFileListPaths = (
			);
			outputPaths = (
			);
			runOnlyForDeploymentPostprocessing = 0;
			shellPath = /bin/sh;
			shellScript = "xattr -cr ~/Library/Developer/Xcode/DerivedData || echo Clear\n";
		};
		88EA40E22F21EE23DD50742A /* [CP] Embed Pods Frameworks */ = {
			isa = PBXShellScriptBuildPhase;
			buildActionMask = 2147483647;
			files = (
			);
			inputFileListPaths = (
				"${PODS_ROOT}/Target Support Files/Pods-Open Space/Pods-Open Space-frameworks-${CONFIGURATION}-input-files.xcfilelist",
			);
			name = "[CP] Embed Pods Frameworks";
			outputFileListPaths = (
				"${PODS_ROOT}/Target Support Files/Pods-Open Space/Pods-Open Space-frameworks-${CONFIGURATION}-output-files.xcfilelist",
			);
			runOnlyForDeploymentPostprocessing = 0;
			shellPath = /bin/sh;
			shellScript = "\"${PODS_ROOT}/Target Support Files/Pods-Open Space/Pods-Open Space-frameworks.sh\"\n";
			showEnvVarsInLog = 0;
		};
/* End PBXShellScriptBuildPhase section */

/* Begin PBXSourcesBuildPhase section */
		6FB0EEF123FDA1A800EA28D7 /* Sources */ = {
			isa = PBXSourcesBuildPhase;
			buildActionMask = 2147483647;
			files = (
				6F895FA82606B51500378FA7 /* TravelViewController.swift in Sources */,
				6FDADF252644D1BF00F7878C /* SelectShipViewController.swift in Sources */,
				6F91EC9B260F9A700058B9F5 /* ShipyardViewController.swift in Sources */,
				6F30352D240FB007006C4684 /* NavGameController.swift in Sources */,
				6F6146F124224F2F000DFACC /* EarthViewController.swift in Sources */,
				6F93856024259CB8001BE3F6 /* WhereOnEarthSelectCollectionViewController.swift in Sources */,
				6F022420240248CB0035F7E4 /* ExploreEarthSceneViewController.swift in Sources */,
				6F9385622425A249001BE3F6 /* EarthLocationState.swift in Sources */,
				6F9385592422ADDE001BE3F6 /* SpaceStationViewController.swift in Sources */,
				6FA4D33423FFB2CB0088B4A4 /* GameState.swift in Sources */,
				6FB0EEFD23FDA1A800EA28D7 /* GameViewController.swift in Sources */,
				6F86CC6D24003AB3005AECC9 /* LocationCollectionViewCell.swift in Sources */,
				6F96DE6623FDF93F00BAE0CF /* InventoryViewController.swift in Sources */,
				6FB0EEF923FDA1A800EA28D7 /* AppDelegate.swift in Sources */,
				6FA5934924001B42007C16E3 /* PaddingLabel.swift in Sources */,
				6F86CC6A240039A1005AECC9 /* SelectLocationViewController.swift in Sources */,
				6F43939023FF6DC60007614D /* MarsViewController.swift in Sources */,
				6F7380AA23FEFAFF00D767E0 /* AlertViewController.swift in Sources */,
				6F34E311263B4C8200E67276 /* Defaults.swift in Sources */,
				6FA3146C2401E57F009D77AB /* LocationState.swift in Sources */,
				6F6D845D23FF8C8800328057 /* Utils.swift in Sources */,
			);
			runOnlyForDeploymentPostprocessing = 0;
		};
/* End PBXSourcesBuildPhase section */

/* Begin PBXVariantGroup section */
		6FB0EEFE23FDA1A800EA28D7 /* Main.storyboard */ = {
			isa = PBXVariantGroup;
			children = (
				6FB0EEFF23FDA1A800EA28D7 /* Base */,
			);
			name = Main.storyboard;
			sourceTree = "<group>";
		};
		6FB0EF0323FDA1A900EA28D7 /* LaunchScreen.storyboard */ = {
			isa = PBXVariantGroup;
			children = (
				6FB0EF0423FDA1A900EA28D7 /* Base */,
			);
			name = LaunchScreen.storyboard;
			sourceTree = "<group>";
		};
/* End PBXVariantGroup section */

/* Begin XCBuildConfiguration section */
		6FB0EF0723FDA1A900EA28D7 /* Debug */ = {
			isa = XCBuildConfiguration;
			buildSettings = {
				ALWAYS_SEARCH_USER_PATHS = NO;
				CLANG_ANALYZER_NONNULL = YES;
				CLANG_ANALYZER_NUMBER_OBJECT_CONVERSION = YES_AGGRESSIVE;
				CLANG_CXX_LANGUAGE_STANDARD = "gnu++14";
				CLANG_CXX_LIBRARY = "libc++";
				CLANG_ENABLE_MODULES = YES;
				CLANG_ENABLE_OBJC_ARC = YES;
				CLANG_ENABLE_OBJC_WEAK = YES;
				CLANG_WARN_BLOCK_CAPTURE_AUTORELEASING = YES;
				CLANG_WARN_BOOL_CONVERSION = YES;
				CLANG_WARN_COMMA = YES;
				CLANG_WARN_CONSTANT_CONVERSION = YES;
				CLANG_WARN_DEPRECATED_OBJC_IMPLEMENTATIONS = YES;
				CLANG_WARN_DIRECT_OBJC_ISA_USAGE = YES_ERROR;
				CLANG_WARN_DOCUMENTATION_COMMENTS = YES;
				CLANG_WARN_EMPTY_BODY = YES;
				CLANG_WARN_ENUM_CONVERSION = YES;
				CLANG_WARN_INFINITE_RECURSION = YES;
				CLANG_WARN_INT_CONVERSION = YES;
				CLANG_WARN_NON_LITERAL_NULL_CONVERSION = YES;
				CLANG_WARN_OBJC_IMPLICIT_RETAIN_SELF = YES;
				CLANG_WARN_OBJC_LITERAL_CONVERSION = YES;
				CLANG_WARN_OBJC_ROOT_CLASS = YES_ERROR;
				CLANG_WARN_QUOTED_INCLUDE_IN_FRAMEWORK_HEADER = YES;
				CLANG_WARN_RANGE_LOOP_ANALYSIS = YES;
				CLANG_WARN_STRICT_PROTOTYPES = YES;
				CLANG_WARN_SUSPICIOUS_MOVE = YES;
				CLANG_WARN_UNGUARDED_AVAILABILITY = YES_AGGRESSIVE;
				CLANG_WARN_UNREACHABLE_CODE = YES;
				CLANG_WARN__DUPLICATE_METHOD_MATCH = YES;
				COPY_PHASE_STRIP = NO;
				DEBUG_INFORMATION_FORMAT = dwarf;
				ENABLE_STRICT_OBJC_MSGSEND = YES;
				ENABLE_TESTABILITY = YES;
				GCC_C_LANGUAGE_STANDARD = gnu11;
				GCC_DYNAMIC_NO_PIC = NO;
				GCC_NO_COMMON_BLOCKS = YES;
				GCC_OPTIMIZATION_LEVEL = 0;
				GCC_PREPROCESSOR_DEFINITIONS = (
					"DEBUG=1",
					"$(inherited)",
				);
				GCC_WARN_64_TO_32_BIT_CONVERSION = YES;
				GCC_WARN_ABOUT_RETURN_TYPE = YES_ERROR;
				GCC_WARN_UNDECLARED_SELECTOR = YES;
				GCC_WARN_UNINITIALIZED_AUTOS = YES_AGGRESSIVE;
				GCC_WARN_UNUSED_FUNCTION = YES;
				GCC_WARN_UNUSED_VARIABLE = YES;
				IPHONEOS_DEPLOYMENT_TARGET = 13.6;
				MTL_ENABLE_DEBUG_INFO = INCLUDE_SOURCE;
				MTL_FAST_MATH = YES;
				ONLY_ACTIVE_ARCH = YES;
				SDKROOT = iphoneos;
				SWIFT_ACTIVE_COMPILATION_CONDITIONS = DEBUG;
				SWIFT_OPTIMIZATION_LEVEL = "-Onone";
			};
			name = Debug;
		};
		6FB0EF0823FDA1A900EA28D7 /* Release */ = {
			isa = XCBuildConfiguration;
			buildSettings = {
				ALWAYS_SEARCH_USER_PATHS = NO;
				CLANG_ANALYZER_NONNULL = YES;
				CLANG_ANALYZER_NUMBER_OBJECT_CONVERSION = YES_AGGRESSIVE;
				CLANG_CXX_LANGUAGE_STANDARD = "gnu++14";
				CLANG_CXX_LIBRARY = "libc++";
				CLANG_ENABLE_MODULES = YES;
				CLANG_ENABLE_OBJC_ARC = YES;
				CLANG_ENABLE_OBJC_WEAK = YES;
				CLANG_WARN_BLOCK_CAPTURE_AUTORELEASING = YES;
				CLANG_WARN_BOOL_CONVERSION = YES;
				CLANG_WARN_COMMA = YES;
				CLANG_WARN_CONSTANT_CONVERSION = YES;
				CLANG_WARN_DEPRECATED_OBJC_IMPLEMENTATIONS = YES;
				CLANG_WARN_DIRECT_OBJC_ISA_USAGE = YES_ERROR;
				CLANG_WARN_DOCUMENTATION_COMMENTS = YES;
				CLANG_WARN_EMPTY_BODY = YES;
				CLANG_WARN_ENUM_CONVERSION = YES;
				CLANG_WARN_INFINITE_RECURSION = YES;
				CLANG_WARN_INT_CONVERSION = YES;
				CLANG_WARN_NON_LITERAL_NULL_CONVERSION = YES;
				CLANG_WARN_OBJC_IMPLICIT_RETAIN_SELF = YES;
				CLANG_WARN_OBJC_LITERAL_CONVERSION = YES;
				CLANG_WARN_OBJC_ROOT_CLASS = YES_ERROR;
				CLANG_WARN_QUOTED_INCLUDE_IN_FRAMEWORK_HEADER = YES;
				CLANG_WARN_RANGE_LOOP_ANALYSIS = YES;
				CLANG_WARN_STRICT_PROTOTYPES = YES;
				CLANG_WARN_SUSPICIOUS_MOVE = YES;
				CLANG_WARN_UNGUARDED_AVAILABILITY = YES_AGGRESSIVE;
				CLANG_WARN_UNREACHABLE_CODE = YES;
				CLANG_WARN__DUPLICATE_METHOD_MATCH = YES;
				COPY_PHASE_STRIP = NO;
				DEBUG_INFORMATION_FORMAT = "dwarf-with-dsym";
				ENABLE_NS_ASSERTIONS = NO;
				ENABLE_STRICT_OBJC_MSGSEND = YES;
				GCC_C_LANGUAGE_STANDARD = gnu11;
				GCC_NO_COMMON_BLOCKS = YES;
				GCC_WARN_64_TO_32_BIT_CONVERSION = YES;
				GCC_WARN_ABOUT_RETURN_TYPE = YES_ERROR;
				GCC_WARN_UNDECLARED_SELECTOR = YES;
				GCC_WARN_UNINITIALIZED_AUTOS = YES_AGGRESSIVE;
				GCC_WARN_UNUSED_FUNCTION = YES;
				GCC_WARN_UNUSED_VARIABLE = YES;
				IPHONEOS_DEPLOYMENT_TARGET = 13.6;
				MTL_ENABLE_DEBUG_INFO = NO;
				MTL_FAST_MATH = YES;
				SDKROOT = iphoneos;
				SWIFT_COMPILATION_MODE = wholemodule;
				SWIFT_OPTIMIZATION_LEVEL = "-O";
				VALIDATE_PRODUCT = YES;
			};
			name = Release;
		};
		6FB0EF0A23FDA1A900EA28D7 /* Debug */ = {
			isa = XCBuildConfiguration;
			baseConfigurationReference = 018CCEA1CF96B34CE59FB14B /* Pods-Open Space.debug.xcconfig */;
			buildSettings = {
				ASSETCATALOG_COMPILER_APPICON_NAME = AppIcon;
				CODE_SIGN_ENTITLEMENTS = "Open Space/Open Space.entitlements";
				CODE_SIGN_IDENTITY = "Apple Development";
				"CODE_SIGN_IDENTITY[sdk=macosx*]" = "Apple Development";
				CODE_SIGN_STYLE = Automatic;
				CURRENT_PROJECT_VERSION = 10;
				DEAD_CODE_STRIPPING = NO;
				DEVELOPMENT_TEAM = 779S839979;
				INFOPLIST_FILE = "Open Space/Info.plist";
				"IPHONEOS_DEPLOYMENT_TARGET[sdk=macosx*]" = 14.2;
				LD_RUNPATH_SEARCH_PATHS = (
					"$(inherited)",
					"@executable_path/Frameworks",
				);
				MARKETING_VERSION = 1.0;
				PRODUCT_BUNDLE_IDENTIFIER = com.greenrobot.openspace;
				PRODUCT_NAME = "$(TARGET_NAME)";
				PROVISIONING_PROFILE_SPECIFIER = "";
				"PROVISIONING_PROFILE_SPECIFIER[sdk=macosx*]" = "";
				SUPPORTS_MACCATALYST = YES;
				SWIFT_VERSION = 5.0;
				TARGETED_DEVICE_FAMILY = "1,2,6";
			};
			name = Debug;
		};
		6FB0EF0B23FDA1A900EA28D7 /* Release */ = {
			isa = XCBuildConfiguration;
			baseConfigurationReference = 2D46924F239A33D2301DCC36 /* Pods-Open Space.release.xcconfig */;
			buildSettings = {
				ASSETCATALOG_COMPILER_APPICON_NAME = AppIcon;
				CODE_SIGN_ENTITLEMENTS = "Open Space/Open Space.entitlements";
				CODE_SIGN_IDENTITY = "Apple Development";
				"CODE_SIGN_IDENTITY[sdk=macosx*]" = "Apple Development";
				CODE_SIGN_STYLE = Automatic;
				CURRENT_PROJECT_VERSION = 10;
				DEAD_CODE_STRIPPING = NO;
				DEVELOPMENT_TEAM = 779S839979;
				INFOPLIST_FILE = "Open Space/Info.plist";
				"IPHONEOS_DEPLOYMENT_TARGET[sdk=macosx*]" = 14.2;
				LD_RUNPATH_SEARCH_PATHS = (
					"$(inherited)",
					"@executable_path/Frameworks",
				);
				MARKETING_VERSION = 1.0;
				PRODUCT_BUNDLE_IDENTIFIER = com.greenrobot.openspace;
				PRODUCT_NAME = "$(TARGET_NAME)";
				PROVISIONING_PROFILE_SPECIFIER = "";
				"PROVISIONING_PROFILE_SPECIFIER[sdk=macosx*]" = "";
				SUPPORTS_MACCATALYST = YES;
				SWIFT_VERSION = 5.0;
				TARGETED_DEVICE_FAMILY = "1,2,6";
			};
			name = Release;
		};
/* End XCBuildConfiguration section */

/* Begin XCConfigurationList section */
		6FB0EEF023FDA1A800EA28D7 /* Build configuration list for PBXProject "Open Space" */ = {
			isa = XCConfigurationList;
			buildConfigurations = (
				6FB0EF0723FDA1A900EA28D7 /* Debug */,
				6FB0EF0823FDA1A900EA28D7 /* Release */,
			);
			defaultConfigurationIsVisible = 0;
			defaultConfigurationName = Release;
		};
		6FB0EF0923FDA1A900EA28D7 /* Build configuration list for PBXNativeTarget "Open Space" */ = {
			isa = XCConfigurationList;
			buildConfigurations = (
				6FB0EF0A23FDA1A900EA28D7 /* Debug */,
				6FB0EF0B23FDA1A900EA28D7 /* Release */,
			);
			defaultConfigurationIsVisible = 0;
			defaultConfigurationName = Release;
		};
/* End XCConfigurationList section */
	};
	rootObject = 6FB0EEED23FDA1A800EA28D7 /* Project object */;
}
